
Microsoft Visual Studio Solution File, Format Version 12.00
# Visual Studio Version 17
VisualStudioVersion = 17.2.32516.85
MinimumVisualStudioVersion = 10.0.40219.1
Project("{8BC9CEB8-8B4A-11D0-8D11-00A0C91BC942}") = "snake", "snake.vcxproj", "{1E9BA35A-9A7D-4BA4-8AF3-AE161D9C94B8}"
EndProject
Global
	GlobalSection(SolutionConfigurationPlatforms) = preSolution
		Debug|x64 = Debug|x64
		Debug|x86 = Debug|x86
		Release|x64 = Release|x64
		Release|x86 = Release|x86
	EndGlobalSection
	GlobalSection(ProjectConfigurationPlatforms) = postSolution
		{1E9BA35A-9A7D-4BA4-8AF3-AE161D9C94B8}.Debug|x64.ActiveCfg = Debug|x64
		{1E9BA35A-9A7D-4BA4-8AF3-AE161D9C94B8}.Debug|x64.Build.0 = Debug|x64
		{1E9BA35A-9A7D-4BA4-8AF3-AE161D9C94B8}.Debug|x86.ActiveCfg = Debug|Win32
		{1E9BA35A-9A7D-4BA4-8AF3-AE161D9C94B8}.Debug|x86.Build.0 = Debug|Win32
		{1E9BA35A-9A7D-4BA4-8AF3-AE161D9C94B8}.Release|x64.ActiveCfg = Release|x64
		{1E9BA35A-9A7D-4BA4-8AF3-AE161D9C94B8}.Release|x64.Build.0 = Release|x64
		{1E9BA35A-9A7D-4BA4-8AF3-AE161D9C94B8}.Release|x86.ActiveCfg = Release|Win32
		{1E9BA35A-9A7D-4BA4-8AF3-AE161D9C94B8}.Release|x86.Build.0 = Release|Win32
	EndGlobalSection
	GlobalSection(SolutionProperties) = preSolution
		HideSolutionNode = FALSE
	EndGlobalSection
	GlobalSection(ExtensibilityGlobals) = postSolution
		SolutionGuid = {6E53D891-FEBD-4187-8849-9EB7B296B700}
	EndGlobalSection
EndGlobal
